// !$*UTF8*$!
{
	archiveVersion = 1;
	classes = {
	};
	objectVersion = 47;
	objects = {

/* Begin PBXBuildFile section */
		773713E41CAB5A0D00441321 /* JSONParserTests.swift in Sources */ = {isa = PBXBuildFile; fileRef = 773713E31CAB5A0D00441321 /* JSONParserTests.swift */; };
		773713E81CAB6AAD00441321 /* invalid-response.json in Resources */ = {isa = PBXBuildFile; fileRef = 773713E61CAB6AAD00441321 /* invalid-response.json */; };
		773713E91CAB6AAD00441321 /* valid-response.json in Resources */ = {isa = PBXBuildFile; fileRef = 773713E71CAB6AAD00441321 /* valid-response.json */; };
		777A86841CAA310A0084663E /* AppDelegate.swift in Sources */ = {isa = PBXBuildFile; fileRef = 777A86721CAA310A0084663E /* AppDelegate.swift */; };
		777A868B1CAA310A0084663E /* LaunchScreen.xib in Resources */ = {isa = PBXBuildFile; fileRef = 777A867E1CAA310A0084663E /* LaunchScreen.xib */; };
		777A868C1CAA310A0084663E /* Main.storyboard in Resources */ = {isa = PBXBuildFile; fileRef = 777A86801CAA310A0084663E /* Main.storyboard */; };
		777A868D1CAA310A0084663E /* Images.xcassets in Resources */ = {isa = PBXBuildFile; fileRef = 777A86821CAA310A0084663E /* Images.xcassets */; };
		77B3789B1E46928F006A9F77 /* FeedViewData.swift in Sources */ = {isa = PBXBuildFile; fileRef = 77B3789A1E46928F006A9F77 /* FeedViewData.swift */; };
		77B3789D1E4692A1006A9F77 /* ContentItemViewData.swift in Sources */ = {isa = PBXBuildFile; fileRef = 77B3789C1E4692A1006A9F77 /* ContentItemViewData.swift */; };
		77C3D8A81E44A7E80068173C /* General.strings in Resources */ = {isa = PBXBuildFile; fileRef = 77C3D8A71E44A7E80068173C /* General.strings */; };
		77DB5FBE1E44D8A2005C4AE7 /* ContentItemViewController.swift in Sources */ = {isa = PBXBuildFile; fileRef = 77DB5FBC1E44D8A2005C4AE7 /* ContentItemViewController.swift */; };
		77DB5FBF1E44D8A2005C4AE7 /* FeedViewController.swift in Sources */ = {isa = PBXBuildFile; fileRef = 77DB5FBD1E44D8A2005C4AE7 /* FeedViewController.swift */; };
		77DB5FC11E44D8B2005C4AE7 /* FeedTableViewCell.swift in Sources */ = {isa = PBXBuildFile; fileRef = 77DB5FC01E44D8B2005C4AE7 /* FeedTableViewCell.swift */; };
		77DB5FC31E44D8BD005C4AE7 /* FeedLocalizationKey.swift in Sources */ = {isa = PBXBuildFile; fileRef = 77DB5FC21E44D8BD005C4AE7 /* FeedLocalizationKey.swift */; };
		77DB5FC51E44D8CD005C4AE7 /* DataProvider.swift in Sources */ = {isa = PBXBuildFile; fileRef = 77DB5FC41E44D8CD005C4AE7 /* DataProvider.swift */; };
		77DB5FC71E44D8D8005C4AE7 /* JSONParser.swift in Sources */ = {isa = PBXBuildFile; fileRef = 77DB5FC61E44D8D8005C4AE7 /* JSONParser.swift */; };
		77DB5FC91E44D8E1005C4AE7 /* ContentItem.swift in Sources */ = {isa = PBXBuildFile; fileRef = 77DB5FC81E44D8E1005C4AE7 /* ContentItem.swift */; };
/* End PBXBuildFile section */

/* Begin PBXContainerItemProxy section */
		773713D71CAB53BC00441321 /* PBXContainerItemProxy */ = {
			isa = PBXContainerItemProxy;
			containerPortal = 770EC59F1AC6C4E2005F1FFB /* Project object */;
			proxyType = 1;
			remoteGlobalIDString = 770EC5A61AC6C4E2005F1FFB;
			remoteInfo = SampleTableViewJSON;
		};
/* End PBXContainerItemProxy section */

/* Begin PBXFileReference section */
		770EC5A71AC6C4E2005F1FFB /* SampleTableViewJSON.app */ = {isa = PBXFileReference; explicitFileType = wrapper.application; includeInIndex = 0; path = SampleTableViewJSON.app; sourceTree = BUILT_PRODUCTS_DIR; };
		773713D21CAB53BC00441321 /* SampleTableViewJSONTests.xctest */ = {isa = PBXFileReference; explicitFileType = wrapper.cfbundle; includeInIndex = 0; path = SampleTableViewJSONTests.xctest; sourceTree = BUILT_PRODUCTS_DIR; };
		773713D61CAB53BC00441321 /* Info.plist */ = {isa = PBXFileReference; lastKnownFileType = text.plist.xml; path = Info.plist; sourceTree = "<group>"; };
		773713E31CAB5A0D00441321 /* JSONParserTests.swift */ = {isa = PBXFileReference; fileEncoding = 4; lastKnownFileType = sourcecode.swift; path = JSONParserTests.swift; sourceTree = "<group>"; };
		773713E61CAB6AAD00441321 /* invalid-response.json */ = {isa = PBXFileReference; fileEncoding = 4; lastKnownFileType = text.json; path = "invalid-response.json"; sourceTree = "<group>"; };
		773713E71CAB6AAD00441321 /* valid-response.json */ = {isa = PBXFileReference; fileEncoding = 4; lastKnownFileType = text.json; path = "valid-response.json"; sourceTree = "<group>"; };
		777A86721CAA310A0084663E /* AppDelegate.swift */ = {isa = PBXFileReference; fileEncoding = 4; lastKnownFileType = sourcecode.swift; path = AppDelegate.swift; sourceTree = "<group>"; };
		777A867F1CAA310A0084663E /* Base */ = {isa = PBXFileReference; lastKnownFileType = file.xib; name = Base; path = Base.lproj/LaunchScreen.xib; sourceTree = "<group>"; };
		777A86811CAA310A0084663E /* Base */ = {isa = PBXFileReference; lastKnownFileType = file.storyboard; name = Base; path = Base.lproj/Main.storyboard; sourceTree = "<group>"; };
		777A86821CAA310A0084663E /* Images.xcassets */ = {isa = PBXFileReference; lastKnownFileType = folder.assetcatalog; path = Images.xcassets; sourceTree = "<group>"; };
		777A86831CAA310A0084663E /* Info.plist */ = {isa = PBXFileReference; fileEncoding = 4; lastKnownFileType = text.plist.xml; path = Info.plist; sourceTree = "<group>"; };
		77B3789A1E46928F006A9F77 /* FeedViewData.swift */ = {isa = PBXFileReference; fileEncoding = 4; lastKnownFileType = sourcecode.swift; path = FeedViewData.swift; sourceTree = "<group>"; };
		77B3789C1E4692A1006A9F77 /* ContentItemViewData.swift */ = {isa = PBXFileReference; fileEncoding = 4; lastKnownFileType = sourcecode.swift; path = ContentItemViewData.swift; sourceTree = "<group>"; };
		77C3D8A71E44A7E80068173C /* General.strings */ = {isa = PBXFileReference; fileEncoding = 4; lastKnownFileType = text.plist.strings; path = General.strings; sourceTree = "<group>"; };
		77DB5FBC1E44D8A2005C4AE7 /* ContentItemViewController.swift */ = {isa = PBXFileReference; fileEncoding = 4; lastKnownFileType = sourcecode.swift; path = ContentItemViewController.swift; sourceTree = "<group>"; };
		77DB5FBD1E44D8A2005C4AE7 /* FeedViewController.swift */ = {isa = PBXFileReference; fileEncoding = 4; lastKnownFileType = sourcecode.swift; path = FeedViewController.swift; sourceTree = "<group>"; };
		77DB5FC01E44D8B2005C4AE7 /* FeedTableViewCell.swift */ = {isa = PBXFileReference; fileEncoding = 4; lastKnownFileType = sourcecode.swift; path = FeedTableViewCell.swift; sourceTree = "<group>"; };
		77DB5FC21E44D8BD005C4AE7 /* FeedLocalizationKey.swift */ = {isa = PBXFileReference; fileEncoding = 4; lastKnownFileType = sourcecode.swift; path = FeedLocalizationKey.swift; sourceTree = "<group>"; };
		77DB5FC41E44D8CD005C4AE7 /* DataProvider.swift */ = {isa = PBXFileReference; fileEncoding = 4; lastKnownFileType = sourcecode.swift; name = DataProvider.swift; path = SampleTableViewJSON/DataProvider.swift; sourceTree = SOURCE_ROOT; };
		77DB5FC61E44D8D8005C4AE7 /* JSONParser.swift */ = {isa = PBXFileReference; fileEncoding = 4; lastKnownFileType = sourcecode.swift; name = JSONParser.swift; path = SampleTableViewJSON/JSONParser.swift; sourceTree = SOURCE_ROOT; };
		77DB5FC81E44D8E1005C4AE7 /* ContentItem.swift */ = {isa = PBXFileReference; fileEncoding = 4; lastKnownFileType = sourcecode.swift; name = ContentItem.swift; path = SampleTableViewJSON/ContentItem.swift; sourceTree = SOURCE_ROOT; };
/* End PBXFileReference section */

/* Begin PBXFrameworksBuildPhase section */
		770EC5A41AC6C4E2005F1FFB /* Frameworks */ = {
			isa = PBXFrameworksBuildPhase;
			buildActionMask = 2147483647;
			files = (
			);
			runOnlyForDeploymentPostprocessing = 0;
		};
		773713CF1CAB53BC00441321 /* Frameworks */ = {
			isa = PBXFrameworksBuildPhase;
			buildActionMask = 2147483647;
			files = (
			);
			runOnlyForDeploymentPostprocessing = 0;
		};
/* End PBXFrameworksBuildPhase section */

/* Begin PBXGroup section */
		770EC59E1AC6C4E2005F1FFB = {
			isa = PBXGroup;
			children = (
				77BBEB061C9F567400EC2455 /* SampleTableViewJSON */,
				773713D31CAB53BC00441321 /* SampleTableViewJSONTests */,
				770EC5A81AC6C4E2005F1FFB /* Products */,
			);
			sourceTree = "<group>";
		};
		770EC5A81AC6C4E2005F1FFB /* Products */ = {
			isa = PBXGroup;
			children = (
				770EC5A71AC6C4E2005F1FFB /* SampleTableViewJSON.app */,
				773713D21CAB53BC00441321 /* SampleTableViewJSONTests.xctest */,
			);
			name = Products;
			sourceTree = "<group>";
		};
		773713D31CAB53BC00441321 /* SampleTableViewJSONTests */ = {
			isa = PBXGroup;
			children = (
				773713E51CAB6AAD00441321 /* Data */,
				773713E21CAB5A0D00441321 /* Parser */,
				773713D61CAB53BC00441321 /* Info.plist */,
			);
			path = SampleTableViewJSONTests;
			sourceTree = "<group>";
		};
		773713E21CAB5A0D00441321 /* Parser */ = {
			isa = PBXGroup;
			children = (
				773713E31CAB5A0D00441321 /* JSONParserTests.swift */,
			);
			path = Parser;
			sourceTree = "<group>";
		};
		773713E51CAB6AAD00441321 /* Data */ = {
			isa = PBXGroup;
			children = (
				773713E61CAB6AAD00441321 /* invalid-response.json */,
				773713E71CAB6AAD00441321 /* valid-response.json */,
			);
			name = Data;
			path = SampleTableViewJSONTests/Data;
			sourceTree = SOURCE_ROOT;
		};
		775D54901E05F1840077E71F /* View Controller */ = {
			isa = PBXGroup;
			children = (
				77DB5FBC1E44D8A2005C4AE7 /* ContentItemViewController.swift */,
				77DB5FBD1E44D8A2005C4AE7 /* FeedViewController.swift */,
			);
			name = "View Controller";
			sourceTree = "<group>";
		};
		775D54911E05F19B0077E71F /* View */ = {
			isa = PBXGroup;
			children = (
				77DB5FC01E44D8B2005C4AE7 /* FeedTableViewCell.swift */,
			);
			name = View;
			sourceTree = "<group>";
		};
		777A86771CAA310A0084663E /* Model */ = {
			isa = PBXGroup;
			children = (
				77DB5FC81E44D8E1005C4AE7 /* ContentItem.swift */,
			);
			path = Model;
			sourceTree = "<group>";
		};
		777A86791CAA310A0084663E /* Network */ = {
			isa = PBXGroup;
			children = (
				77DB5FC41E44D8CD005C4AE7 /* DataProvider.swift */,
			);
			path = Network;
			sourceTree = "<group>";
		};
		777A867B1CAA310A0084663E /* Parser */ = {
			isa = PBXGroup;
			children = (
				77DB5FC61E44D8D8005C4AE7 /* JSONParser.swift */,
			);
			path = Parser;
			sourceTree = "<group>";
		};
		777A867D1CAA310A0084663E /* Supporting Files */ = {
			isa = PBXGroup;
			children = (
				777A867E1CAA310A0084663E /* LaunchScreen.xib */,
				777A86801CAA310A0084663E /* Main.storyboard */,
				777A86821CAA310A0084663E /* Images.xcassets */,
				777A86831CAA310A0084663E /* Info.plist */,
				77C3D8A71E44A7E80068173C /* General.strings */,
			);
			path = "Supporting Files";
			sourceTree = "<group>";
		};
		77B378991E469184006A9F77 /* ViewData */ = {
			isa = PBXGroup;
			children = (
				77B3789A1E46928F006A9F77 /* FeedViewData.swift */,
				77B3789C1E4692A1006A9F77 /* ContentItemViewData.swift */,
			);
			name = ViewData;
			sourceTree = "<group>";
		};
		77BBEB061C9F567400EC2455 /* SampleTableViewJSON */ = {
			isa = PBXGroup;
			children = (
				777A86721CAA310A0084663E /* AppDelegate.swift */,
				775D54901E05F1840077E71F /* View Controller */,
				775D54911E05F19B0077E71F /* View */,
				777A86771CAA310A0084663E /* Model */,
				77B378991E469184006A9F77 /* ViewData */,
				777A86791CAA310A0084663E /* Network */,
				777A867B1CAA310A0084663E /* Parser */,
				77C3D8A91E44B2BB0068173C /* Localization */,
				777A867D1CAA310A0084663E /* Supporting Files */,
			);
			path = SampleTableViewJSON;
			sourceTree = "<group>";
		};
		77C3D8A91E44B2BB0068173C /* Localization */ = {
			isa = PBXGroup;
			children = (
				77DB5FC21E44D8BD005C4AE7 /* FeedLocalizationKey.swift */,
			);
			name = Localization;
			sourceTree = "<group>";
		};
/* End PBXGroup section */

/* Begin PBXNativeTarget section */
		770EC5A61AC6C4E2005F1FFB /* SampleTableViewJSON */ = {
			isa = PBXNativeTarget;
			buildConfigurationList = 770EC5C61AC6C4E2005F1FFB /* Build configuration list for PBXNativeTarget "SampleTableViewJSON" */;
			buildPhases = (
				770EC5A31AC6C4E2005F1FFB /* Sources */,
				770EC5A41AC6C4E2005F1FFB /* Frameworks */,
				770EC5A51AC6C4E2005F1FFB /* Resources */,
			);
			buildRules = (
			);
			dependencies = (
			);
			name = SampleTableViewJSON;
			productName = SampleTableViewJSON;
			productReference = 770EC5A71AC6C4E2005F1FFB /* SampleTableViewJSON.app */;
			productType = "com.apple.product-type.application";
		};
		773713D11CAB53BC00441321 /* SampleTableViewJSONTests */ = {
			isa = PBXNativeTarget;
			buildConfigurationList = 773713D91CAB53BC00441321 /* Build configuration list for PBXNativeTarget "SampleTableViewJSONTests" */;
			buildPhases = (
				773713CE1CAB53BC00441321 /* Sources */,
				773713CF1CAB53BC00441321 /* Frameworks */,
				773713D01CAB53BC00441321 /* Resources */,
			);
			buildRules = (
			);
			dependencies = (
				773713D81CAB53BC00441321 /* PBXTargetDependency */,
			);
			name = SampleTableViewJSONTests;
			productName = SampleTableViewJSONTests;
			productReference = 773713D21CAB53BC00441321 /* SampleTableViewJSONTests.xctest */;
			productType = "com.apple.product-type.bundle.unit-test";
		};
/* End PBXNativeTarget section */

/* Begin PBXProject section */
		770EC59F1AC6C4E2005F1FFB /* Project object */ = {
			isa = PBXProject;
			attributes = {
				CLASSPREFIX = OP;
				LastSwiftMigration = 0710;
				LastSwiftUpdateCheck = 0730;
				LastUpgradeCheck = 0810;
				ORGANIZATIONNAME = "Olga Pudrovska";
				TargetAttributes = {
					770EC5A61AC6C4E2005F1FFB = {
						CreatedOnToolsVersion = 6.2;
						LastSwiftMigration = 0810;
					};
					773713D11CAB53BC00441321 = {
						CreatedOnToolsVersion = 7.3;
						LastSwiftMigration = 0810;
						TestTargetID = 770EC5A61AC6C4E2005F1FFB;
					};
				};
			};
			buildConfigurationList = 770EC5A21AC6C4E2005F1FFB /* Build configuration list for PBXProject "SampleTableViewJSON" */;
			compatibilityVersion = "Xcode 6.3";
			developmentRegion = English;
			hasScannedForEncodings = 0;
			knownRegions = (
				en,
				Base,
			);
			mainGroup = 770EC59E1AC6C4E2005F1FFB;
			productRefGroup = 770EC5A81AC6C4E2005F1FFB /* Products */;
			projectDirPath = "";
			projectRoot = "";
			targets = (
				770EC5A61AC6C4E2005F1FFB /* SampleTableViewJSON */,
				773713D11CAB53BC00441321 /* SampleTableViewJSONTests */,
			);
		};
/* End PBXProject section */

/* Begin PBXResourcesBuildPhase section */
		770EC5A51AC6C4E2005F1FFB /* Resources */ = {
			isa = PBXResourcesBuildPhase;
			buildActionMask = 2147483647;
			files = (
				777A868D1CAA310A0084663E /* Images.xcassets in Resources */,
				77C3D8A81E44A7E80068173C /* General.strings in Resources */,
				777A868B1CAA310A0084663E /* LaunchScreen.xib in Resources */,
				777A868C1CAA310A0084663E /* Main.storyboard in Resources */,
			);
			runOnlyForDeploymentPostprocessing = 0;
		};
		773713D01CAB53BC00441321 /* Resources */ = {
			isa = PBXResourcesBuildPhase;
			buildActionMask = 2147483647;
			files = (
				773713E81CAB6AAD00441321 /* invalid-response.json in Resources */,
				773713E91CAB6AAD00441321 /* valid-response.json in Resources */,
			);
			runOnlyForDeploymentPostprocessing = 0;
		};
/* End PBXResourcesBuildPhase section */

/* Begin PBXSourcesBuildPhase section */
		770EC5A31AC6C4E2005F1FFB /* Sources */ = {
			isa = PBXSourcesBuildPhase;
			buildActionMask = 2147483647;
			files = (
				77DB5FC51E44D8CD005C4AE7 /* DataProvider.swift in Sources */,
				777A86841CAA310A0084663E /* AppDelegate.swift in Sources */,
				77DB5FC71E44D8D8005C4AE7 /* JSONParser.swift in Sources */,
				77DB5FC31E44D8BD005C4AE7 /* FeedLocalizationKey.swift in Sources */,
				77DB5FC11E44D8B2005C4AE7 /* FeedTableViewCell.swift in Sources */,
				77B3789D1E4692A1006A9F77 /* ContentItemViewData.swift in Sources */,
				77DB5FBF1E44D8A2005C4AE7 /* FeedViewController.swift in Sources */,
				77DB5FC91E44D8E1005C4AE7 /* ContentItem.swift in Sources */,
				77DB5FBE1E44D8A2005C4AE7 /* ContentItemViewController.swift in Sources */,
				77B3789B1E46928F006A9F77 /* FeedViewData.swift in Sources */,
			);
			runOnlyForDeploymentPostprocessing = 0;
		};
		773713CE1CAB53BC00441321 /* Sources */ = {
			isa = PBXSourcesBuildPhase;
			buildActionMask = 2147483647;
			files = (
				773713E41CAB5A0D00441321 /* JSONParserTests.swift in Sources */,
			);
			runOnlyForDeploymentPostprocessing = 0;
		};
/* End PBXSourcesBuildPhase section */

/* Begin PBXTargetDependency section */
		773713D81CAB53BC00441321 /* PBXTargetDependency */ = {
			isa = PBXTargetDependency;
			target = 770EC5A61AC6C4E2005F1FFB /* SampleTableViewJSON */;
			targetProxy = 773713D71CAB53BC00441321 /* PBXContainerItemProxy */;
		};
/* End PBXTargetDependency section */

/* Begin PBXVariantGroup section */
		777A867E1CAA310A0084663E /* LaunchScreen.xib */ = {
			isa = PBXVariantGroup;
			children = (
				777A867F1CAA310A0084663E /* Base */,
			);
			name = LaunchScreen.xib;
			sourceTree = "<group>";
		};
		777A86801CAA310A0084663E /* Main.storyboard */ = {
			isa = PBXVariantGroup;
			children = (
				777A86811CAA310A0084663E /* Base */,
			);
			name = Main.storyboard;
			sourceTree = "<group>";
		};
/* End PBXVariantGroup section */

/* Begin XCBuildConfiguration section */
		770EC5C41AC6C4E2005F1FFB /* Debug */ = {
			isa = XCBuildConfiguration;
			buildSettings = {
				ALWAYS_SEARCH_USER_PATHS = NO;
				CLANG_CXX_LANGUAGE_STANDARD = "gnu++0x";
				CLANG_CXX_LIBRARY = "libc++";
				CLANG_ENABLE_MODULES = YES;
				CLANG_ENABLE_OBJC_ARC = YES;
				CLANG_WARN_BOOL_CONVERSION = YES;
				CLANG_WARN_CONSTANT_CONVERSION = YES;
				CLANG_WARN_DIRECT_OBJC_ISA_USAGE = YES_ERROR;
				CLANG_WARN_EMPTY_BODY = YES;
				CLANG_WARN_ENUM_CONVERSION = YES;
				CLANG_WARN_INFINITE_RECURSION = YES;
				CLANG_WARN_INT_CONVERSION = YES;
				CLANG_WARN_OBJC_ROOT_CLASS = YES_ERROR;
				CLANG_WARN_SUSPICIOUS_MOVE = YES;
				CLANG_WARN_UNREACHABLE_CODE = YES;
				CLANG_WARN__DUPLICATE_METHOD_MATCH = YES;
				"CODE_SIGN_IDENTITY[sdk=iphoneos*]" = "iPhone Developer";
				COPY_PHASE_STRIP = NO;
				ENABLE_STRICT_OBJC_MSGSEND = YES;
				ENABLE_TESTABILITY = YES;
				GCC_C_LANGUAGE_STANDARD = gnu99;
				GCC_DYNAMIC_NO_PIC = NO;
				GCC_NO_COMMON_BLOCKS = YES;
				GCC_OPTIMIZATION_LEVEL = 0;
				GCC_PREPROCESSOR_DEFINITIONS = (
					"DEBUG=1",
					"$(inherited)",
				);
				GCC_SYMBOLS_PRIVATE_EXTERN = NO;
				GCC_WARN_64_TO_32_BIT_CONVERSION = YES;
				GCC_WARN_ABOUT_RETURN_TYPE = YES_ERROR;
				GCC_WARN_UNDECLARED_SELECTOR = YES;
				GCC_WARN_UNINITIALIZED_AUTOS = YES_AGGRESSIVE;
				GCC_WARN_UNUSED_FUNCTION = YES;
				GCC_WARN_UNUSED_VARIABLE = YES;
				IPHONEOS_DEPLOYMENT_TARGET = 8.2;
				MTL_ENABLE_DEBUG_INFO = YES;
				ONLY_ACTIVE_ARCH = YES;
				SDKROOT = iphoneos;
				SWIFT_OPTIMIZATION_LEVEL = "-Onone";
				TARGETED_DEVICE_FAMILY = "1,2";
			};
			name = Debug;
		};
		770EC5C51AC6C4E2005F1FFB /* Release */ = {
			isa = XCBuildConfiguration;
			buildSettings = {
				ALWAYS_SEARCH_USER_PATHS = NO;
				CLANG_CXX_LANGUAGE_STANDARD = "gnu++0x";
				CLANG_CXX_LIBRARY = "libc++";
				CLANG_ENABLE_MODULES = YES;
				CLANG_ENABLE_OBJC_ARC = YES;
				CLANG_WARN_BOOL_CONVERSION = YES;
				CLANG_WARN_CONSTANT_CONVERSION = YES;
				CLANG_WARN_DIRECT_OBJC_ISA_USAGE = YES_ERROR;
				CLANG_WARN_EMPTY_BODY = YES;
				CLANG_WARN_ENUM_CONVERSION = YES;
				CLANG_WARN_INFINITE_RECURSION = YES;
				CLANG_WARN_INT_CONVERSION = YES;
				CLANG_WARN_OBJC_ROOT_CLASS = YES_ERROR;
				CLANG_WARN_SUSPICIOUS_MOVE = YES;
				CLANG_WARN_UNREACHABLE_CODE = YES;
				CLANG_WARN__DUPLICATE_METHOD_MATCH = YES;
				"CODE_SIGN_IDENTITY[sdk=iphoneos*]" = "iPhone Developer";
				COPY_PHASE_STRIP = NO;
				ENABLE_NS_ASSERTIONS = NO;
				ENABLE_STRICT_OBJC_MSGSEND = YES;
				GCC_C_LANGUAGE_STANDARD = gnu99;
				GCC_NO_COMMON_BLOCKS = YES;
				GCC_WARN_64_TO_32_BIT_CONVERSION = YES;
				GCC_WARN_ABOUT_RETURN_TYPE = YES_ERROR;
				GCC_WARN_UNDECLARED_SELECTOR = YES;
				GCC_WARN_UNINITIALIZED_AUTOS = YES_AGGRESSIVE;
				GCC_WARN_UNUSED_FUNCTION = YES;
				GCC_WARN_UNUSED_VARIABLE = YES;
				IPHONEOS_DEPLOYMENT_TARGET = 8.2;
				MTL_ENABLE_DEBUG_INFO = NO;
				SDKROOT = iphoneos;
				SWIFT_OPTIMIZATION_LEVEL = "-Owholemodule";
				TARGETED_DEVICE_FAMILY = "1,2";
				VALIDATE_PRODUCT = YES;
			};
			name = Release;
		};
		770EC5C71AC6C4E2005F1FFB /* Debug */ = {
			isa = XCBuildConfiguration;
			buildSettings = {
				ASSETCATALOG_COMPILER_APPICON_NAME = AppIcon;
				CLANG_ENABLE_MODULES = YES;
				DEVELOPMENT_TEAM = "";
				INFOPLIST_FILE = "SampleTableViewJSON/Supporting Files/Info.plist";
				IPHONEOS_DEPLOYMENT_TARGET = 9.3;
				LD_RUNPATH_SEARCH_PATHS = "$(inherited) @executable_path/Frameworks";
				PRODUCT_BUNDLE_IDENTIFIER = com.olgapudrovska.SampleTableViewJSON;
				PRODUCT_NAME = SampleTableViewJSON;
				SWIFT_OBJC_BRIDGING_HEADER = "";
				SWIFT_OPTIMIZATION_LEVEL = "-Onone";
				SWIFT_VERSION = 3.0;
			};
			name = Debug;
		};
		770EC5C81AC6C4E2005F1FFB /* Release */ = {
			isa = XCBuildConfiguration;
			buildSettings = {
				ASSETCATALOG_COMPILER_APPICON_NAME = AppIcon;
				CLANG_ENABLE_MODULES = YES;
				DEVELOPMENT_TEAM = "";
				INFOPLIST_FILE = "SampleTableViewJSON/Supporting Files/Info.plist";
				IPHONEOS_DEPLOYMENT_TARGET = 9.3;
				LD_RUNPATH_SEARCH_PATHS = "$(inherited) @executable_path/Frameworks";
				PRODUCT_BUNDLE_IDENTIFIER = com.olgapudrovska.SampleTableViewJSON;
				PRODUCT_NAME = SampleTableViewJSON;
				SWIFT_OBJC_BRIDGING_HEADER = "";
				SWIFT_VERSION = 3.0;
			};
			name = Release;
		};
		773713DA1CAB53BC00441321 /* Debug */ = {
			isa = XCBuildConfiguration;
			buildSettings = {
				BUNDLE_LOADER = "$(TEST_HOST)";
				CLANG_ANALYZER_NONNULL = YES;
				CLANG_ENABLE_MODULES = YES;
				DEBUG_INFORMATION_FORMAT = dwarf;
				GCC_NO_COMMON_BLOCKS = YES;
				INFOPLIST_FILE = SampleTableViewJSONTests/Info.plist;
				IPHONEOS_DEPLOYMENT_TARGET = 9.3;
				LD_RUNPATH_SEARCH_PATHS = "$(inherited) @executable_path/Frameworks @loader_path/Frameworks";
				PRODUCT_BUNDLE_IDENTIFIER = com.olgapudrovska.SampleTableViewJSONTests;
				PRODUCT_NAME = "$(TARGET_NAME)";
				SWIFT_OPTIMIZATION_LEVEL = "-Onone";
				SWIFT_VERSION = 3.0;
				TEST_HOST = "$(BUILT_PRODUCTS_DIR)/SampleTableViewJSON.app/SampleTableViewJSON";
			};
			name = Debug;
		};
		773713DB1CAB53BC00441321 /* Release */ = {
			isa = XCBuildConfiguration;
			buildSettings = {
				BUNDLE_LOADER = "$(TEST_HOST)";
				CLANG_ANALYZER_NONNULL = YES;
				CLANG_ENABLE_MODULES = YES;
				DEBUG_INFORMATION_FORMAT = "dwarf-with-dsym";
				GCC_NO_COMMON_BLOCKS = YES;
				INFOPLIST_FILE = SampleTableViewJSONTests/Info.plist;
				IPHONEOS_DEPLOYMENT_TARGET = 9.3;
				LD_RUNPATH_SEARCH_PATHS = "$(inherited) @executable_path/Frameworks @loader_path/Frameworks";
				PRODUCT_BUNDLE_IDENTIFIER = com.olgapudrovska.SampleTableViewJSONTests;
				PRODUCT_NAME = "$(TARGET_NAME)";
				SWIFT_VERSION = 3.0;
				TEST_HOST = "$(BUILT_PRODUCTS_DIR)/SampleTableViewJSON.app/SampleTableViewJSON";
			};
			name = Release;
		};
/* End XCBuildConfiguration section */

/* Begin XCConfigurationList section */
		770EC5A21AC6C4E2005F1FFB /* Build configuration list for PBXProject "SampleTableViewJSON" */ = {
			isa = XCConfigurationList;
			buildConfigurations = (
				770EC5C41AC6C4E2005F1FFB /* Debug */,
				770EC5C51AC6C4E2005F1FFB /* Release */,
			);
			defaultConfigurationIsVisible = 0;
			defaultConfigurationName = Release;
		};
		770EC5C61AC6C4E2005F1FFB /* Build configuration list for PBXNativeTarget "SampleTableViewJSON" */ = {
			isa = XCConfigurationList;
			buildConfigurations = (
				770EC5C71AC6C4E2005F1FFB /* Debug */,
				770EC5C81AC6C4E2005F1FFB /* Release */,
			);
			defaultConfigurationIsVisible = 0;
			defaultConfigurationName = Release;
		};
		773713D91CAB53BC00441321 /* Build configuration list for PBXNativeTarget "SampleTableViewJSONTests" */ = {
			isa = XCConfigurationList;
			buildConfigurations = (
				773713DA1CAB53BC00441321 /* Debug */,
				773713DB1CAB53BC00441321 /* Release */,
			);
			defaultConfigurationIsVisible = 0;
			defaultConfigurationName = Release;
		};
/* End XCConfigurationList section */
	};
	rootObject = 770EC59F1AC6C4E2005F1FFB /* Project object */;
}
